PODS:
  - BILAudioUtil (0.1):
    - dp_exec_block_on_main_thread
  - dp_exec_block_on_main_thread (0.0.1)

DEPENDENCIES:
  - BILAudioUtil (from `../BILAudioUtil.podspec`)

EXTERNAL SOURCES:
  BILAudioUtil:
    :path: ../BILAudioUtil.podspec

SPEC CHECKSUMS:
  BILAudioUtil: f9b8eba851e8d08d9acc491236fe95f14c007451
  dp_exec_block_on_main_thread: be44902af805f96fb54316515eddfa850fb6a893

COCOAPODS: 0.35.0
