// !$*UTF8*$!
{
	archiveVersion = 1;
	classes = {
	};
	objectVersion = 46;
	objects = {

/* Begin PBXBuildFile section */
		196154871AA05AC700859E80 /* BILAudioSessionUtil.m in Sources */ = {isa = PBXBuildFile; fileRef = 1961547E1AA05AC700859E80 /* BILAudioSessionUtil.m */; };
		196154881AA05AC700859E80 /* BILAudioSessionUtil.m in Sources */ = {isa = PBXBuildFile; fileRef = 1961547E1AA05AC700859E80 /* BILAudioSessionUtil.m */; };
		196154891AA05AC700859E80 /* BILAudioVolumeManager.m in Sources */ = {isa = PBXBuildFile; fileRef = 196154801AA05AC700859E80 /* BILAudioVolumeManager.m */; };
		1961548A1AA05AC700859E80 /* BILAudioVolumeManager.m in Sources */ = {isa = PBXBuildFile; fileRef = 196154801AA05AC700859E80 /* BILAudioVolumeManager.m */; };
		1961548D1AA05AC700859E80 /* BILStringEncrypter.m in Sources */ = {isa = PBXBuildFile; fileRef = 196154861AA05AC700859E80 /* BILStringEncrypter.m */; };
		1961548E1AA05AC700859E80 /* BILStringEncrypter.m in Sources */ = {isa = PBXBuildFile; fileRef = 196154861AA05AC700859E80 /* BILStringEncrypter.m */; };
		196154911AA05ADF00859E80 /* BILAudioVolumeManagerTestViewController.m in Sources */ = {isa = PBXBuildFile; fileRef = 196154901AA05ADF00859E80 /* BILAudioVolumeManagerTestViewController.m */; };
		196154931AA05C5D00859E80 /* AVFoundation.framework in Frameworks */ = {isa = PBXBuildFile; fileRef = 196154921AA05C5D00859E80 /* AVFoundation.framework */; };
		196154951AA05C6300859E80 /* MediaPlayer.framework in Frameworks */ = {isa = PBXBuildFile; fileRef = 196154941AA05C6300859E80 /* MediaPlayer.framework */; };
		19FF195E1AA0569B00F2D54F /* main.m in Sources */ = {isa = PBXBuildFile; fileRef = 19FF195D1AA0569B00F2D54F /* main.m */; };
		19FF19611AA0569B00F2D54F /* AppDelegate.m in Sources */ = {isa = PBXBuildFile; fileRef = 19FF19601AA0569B00F2D54F /* AppDelegate.m */; };
		19FF19671AA0569B00F2D54F /* Main.storyboard in Resources */ = {isa = PBXBuildFile; fileRef = 19FF19651AA0569B00F2D54F /* Main.storyboard */; };
		19FF19691AA0569B00F2D54F /* Images.xcassets in Resources */ = {isa = PBXBuildFile; fileRef = 19FF19681AA0569B00F2D54F /* Images.xcassets */; };
		19FF19781AA0569B00F2D54F /* BILAudioUtilSampleTests.m in Sources */ = {isa = PBXBuildFile; fileRef = 19FF19771AA0569B00F2D54F /* BILAudioUtilSampleTests.m */; };
		F9C14F12A840E99427B6773C /* libPods.a in Frameworks */ = {isa = PBXBuildFile; fileRef = 1471B7EB1ECF820627AC75D2 /* libPods.a */; };
/* End PBXBuildFile section */

/* Begin PBXContainerItemProxy section */
		19FF19721AA0569B00F2D54F /* PBXContainerItemProxy */ = {
			isa = PBXContainerItemProxy;
			containerPortal = 19FF19501AA0569B00F2D54F /* Project object */;
			proxyType = 1;
			remoteGlobalIDString = 19FF19571AA0569B00F2D54F;
			remoteInfo = BILAudioUtilSample;
		};
/* End PBXContainerItemProxy section */

/* Begin PBXFileReference section */
		1471B7EB1ECF820627AC75D2 /* libPods.a */ = {isa = PBXFileReference; explicitFileType = archive.ar; includeInIndex = 0; path = libPods.a; sourceTree = BUILT_PRODUCTS_DIR; };
		1961547D1AA05AC700859E80 /* BILAudioSessionUtil.h */ = {isa = PBXFileReference; fileEncoding = 4; lastKnownFileType = sourcecode.c.h; path = BILAudioSessionUtil.h; sourceTree = "<group>"; };
		1961547E1AA05AC700859E80 /* BILAudioSessionUtil.m */ = {isa = PBXFileReference; fileEncoding = 4; lastKnownFileType = sourcecode.c.objc; path = BILAudioSessionUtil.m; sourceTree = "<group>"; };
		1961547F1AA05AC700859E80 /* BILAudioVolumeManager.h */ = {isa = PBXFileReference; fileEncoding = 4; lastKnownFileType = sourcecode.c.h; path = BILAudioVolumeManager.h; sourceTree = "<group>"; };
		196154801AA05AC700859E80 /* BILAudioVolumeManager.m */ = {isa = PBXFileReference; fileEncoding = 4; lastKnownFileType = sourcecode.c.objc; path = BILAudioVolumeManager.m; sourceTree = "<group>"; };
		196154851AA05AC700859E80 /* BILStringEncrypter.h */ = {isa = PBXFileReference; fileEncoding = 4; lastKnownFileType = sourcecode.c.h; path = BILStringEncrypter.h; sourceTree = "<group>"; };
		196154861AA05AC700859E80 /* BILStringEncrypter.m */ = {isa = PBXFileReference; fileEncoding = 4; lastKnownFileType = sourcecode.c.objc; path = BILStringEncrypter.m; sourceTree = "<group>"; };
		1961548F1AA05ADF00859E80 /* BILAudioVolumeManagerTestViewController.h */ = {isa = PBXFileReference; fileEncoding = 4; lastKnownFileType = sourcecode.c.h; path = BILAudioVolumeManagerTestViewController.h; sourceTree = "<group>"; };
		196154901AA05ADF00859E80 /* BILAudioVolumeManagerTestViewController.m */ = {isa = PBXFileReference; fileEncoding = 4; lastKnownFileType = sourcecode.c.objc; path = BILAudioVolumeManagerTestViewController.m; sourceTree = "<group>"; };
		196154921AA05C5D00859E80 /* AVFoundation.framework */ = {isa = PBXFileReference; lastKnownFileType = wrapper.framework; name = AVFoundation.framework; path = System/Library/Frameworks/AVFoundation.framework; sourceTree = SDKROOT; };
		196154941AA05C6300859E80 /* MediaPlayer.framework */ = {isa = PBXFileReference; lastKnownFileType = wrapper.framework; name = MediaPlayer.framework; path = System/Library/Frameworks/MediaPlayer.framework; sourceTree = SDKROOT; };
		19FF19581AA0569B00F2D54F /* BILAudioUtil.app */ = {isa = PBXFileReference; explicitFileType = wrapper.application; includeInIndex = 0; path = BILAudioUtil.app; sourceTree = BUILT_PRODUCTS_DIR; };
		19FF195C1AA0569B00F2D54F /* Info.plist */ = {isa = PBXFileReference; lastKnownFileType = text.plist.xml; path = Info.plist; sourceTree = "<group>"; };
		19FF195D1AA0569B00F2D54F /* main.m */ = {isa = PBXFileReference; lastKnownFileType = sourcecode.c.objc; path = main.m; sourceTree = "<group>"; };
		19FF195F1AA0569B00F2D54F /* AppDelegate.h */ = {isa = PBXFileReference; lastKnownFileType = sourcecode.c.h; path = AppDelegate.h; sourceTree = "<group>"; };
		19FF19601AA0569B00F2D54F /* AppDelegate.m */ = {isa = PBXFileReference; lastKnownFileType = sourcecode.c.objc; path = AppDelegate.m; sourceTree = "<group>"; };
		19FF19661AA0569B00F2D54F /* Base */ = {isa = PBXFileReference; lastKnownFileType = file.storyboard; name = Base; path = Base.lproj/Main.storyboard; sourceTree = "<group>"; };
		19FF19681AA0569B00F2D54F /* Images.xcassets */ = {isa = PBXFileReference; lastKnownFileType = folder.assetcatalog; path = Images.xcassets; sourceTree = "<group>"; };
		19FF19711AA0569B00F2D54F /* SampleTest.xctest */ = {isa = PBXFileReference; explicitFileType = wrapper.cfbundle; includeInIndex = 0; path = SampleTest.xctest; sourceTree = BUILT_PRODUCTS_DIR; };
		19FF19761AA0569B00F2D54F /* Info.plist */ = {isa = PBXFileReference; lastKnownFileType = text.plist.xml; path = Info.plist; sourceTree = "<group>"; };
		19FF19771AA0569B00F2D54F /* BILAudioUtilSampleTests.m */ = {isa = PBXFileReference; lastKnownFileType = sourcecode.c.objc; path = BILAudioUtilSampleTests.m; sourceTree = "<group>"; };
		8EC6DDB48247EC5ED7FAA710 /* Pods.release.xcconfig */ = {isa = PBXFileReference; includeInIndex = 1; lastKnownFileType = text.xcconfig; name = Pods.release.xcconfig; path = "Pods/Target Support Files/Pods/Pods.release.xcconfig"; sourceTree = "<group>"; };
		B9A7AAA9C9B5B1EDEA46CA02 /* Pods.debug.xcconfig */ = {isa = PBXFileReference; includeInIndex = 1; lastKnownFileType = text.xcconfig; name = Pods.debug.xcconfig; path = "Pods/Target Support Files/Pods/Pods.debug.xcconfig"; sourceTree = "<group>"; };
/* End PBXFileReference section */

/* Begin PBXFrameworksBuildPhase section */
		19FF19551AA0569B00F2D54F /* Frameworks */ = {
			isa = PBXFrameworksBuildPhase;
			buildActionMask = 2147483647;
			files = (
				196154951AA05C6300859E80 /* MediaPlayer.framework in Frameworks */,
				196154931AA05C5D00859E80 /* AVFoundation.framework in Frameworks */,
				F9C14F12A840E99427B6773C /* libPods.a in Frameworks */,
			);
			runOnlyForDeploymentPostprocessing = 0;
		};
		19FF196E1AA0569B00F2D54F /* Frameworks */ = {
			isa = PBXFrameworksBuildPhase;
			buildActionMask = 2147483647;
			files = (
			);
			runOnlyForDeploymentPostprocessing = 0;
		};
/* End PBXFrameworksBuildPhase section */

/* Begin PBXGroup section */
		1961546F1AA059E600859E80 /* BILAudioUtil */ = {
			isa = PBXGroup;
			children = (
				1961547C1AA05AC700859E80 /* Class */,
				196154811AA05AC700859E80 /* UserInterface */,
				196154821AA05AC700859E80 /* Util */,
			);
			name = BILAudioUtil;
			path = ../BILAudioUtil;
			sourceTree = "<group>";
		};
		1961547C1AA05AC700859E80 /* Class */ = {
			isa = PBXGroup;
			children = (
				1961547D1AA05AC700859E80 /* BILAudioSessionUtil.h */,
				1961547E1AA05AC700859E80 /* BILAudioSessionUtil.m */,
				1961547F1AA05AC700859E80 /* BILAudioVolumeManager.h */,
				196154801AA05AC700859E80 /* BILAudioVolumeManager.m */,
			);
			path = Class;
			sourceTree = "<group>";
		};
		196154811AA05AC700859E80 /* UserInterface */ = {
			isa = PBXGroup;
			children = (
				1961548F1AA05ADF00859E80 /* BILAudioVolumeManagerTestViewController.h */,
				196154901AA05ADF00859E80 /* BILAudioVolumeManagerTestViewController.m */,
			);
			path = UserInterface;
			sourceTree = "<group>";
		};
		196154821AA05AC700859E80 /* Util */ = {
			isa = PBXGroup;
			children = (
				196154851AA05AC700859E80 /* BILStringEncrypter.h */,
				196154861AA05AC700859E80 /* BILStringEncrypter.m */,
			);
			path = Util;
			sourceTree = "<group>";
		};
		19FF194F1AA0569B00F2D54F = {
			isa = PBXGroup;
			children = (
				1961546F1AA059E600859E80 /* BILAudioUtil */,
				19FF195A1AA0569B00F2D54F /* Sample */,
				19FF19741AA0569B00F2D54F /* SampleTests */,
				19FF19591AA0569B00F2D54F /* Products */,
				B959200C7E9A80FA39DDC4D5 /* Pods */,
				CDE6FB7227E430F1753BB143 /* Frameworks */,
			);
			sourceTree = "<group>";
		};
		19FF19591AA0569B00F2D54F /* Products */ = {
			isa = PBXGroup;
			children = (
				19FF19581AA0569B00F2D54F /* BILAudioUtil.app */,
				19FF19711AA0569B00F2D54F /* SampleTest.xctest */,
			);
			name = Products;
			sourceTree = "<group>";
		};
		19FF195A1AA0569B00F2D54F /* Sample */ = {
			isa = PBXGroup;
			children = (
				19FF195F1AA0569B00F2D54F /* AppDelegate.h */,
				19FF19601AA0569B00F2D54F /* AppDelegate.m */,
				19FF19651AA0569B00F2D54F /* Main.storyboard */,
				19FF19681AA0569B00F2D54F /* Images.xcassets */,
				19FF195B1AA0569B00F2D54F /* Supporting Files */,
			);
			path = Sample;
			sourceTree = "<group>";
		};
		19FF195B1AA0569B00F2D54F /* Supporting Files */ = {
			isa = PBXGroup;
			children = (
				19FF195C1AA0569B00F2D54F /* Info.plist */,
				19FF195D1AA0569B00F2D54F /* main.m */,
			);
			name = "Supporting Files";
			sourceTree = "<group>";
		};
		19FF19741AA0569B00F2D54F /* SampleTests */ = {
			isa = PBXGroup;
			children = (
				19FF19771AA0569B00F2D54F /* BILAudioUtilSampleTests.m */,
				19FF19751AA0569B00F2D54F /* Supporting Files */,
			);
			path = SampleTests;
			sourceTree = "<group>";
		};
		19FF19751AA0569B00F2D54F /* Supporting Files */ = {
			isa = PBXGroup;
			children = (
				19FF19761AA0569B00F2D54F /* Info.plist */,
			);
			name = "Supporting Files";
			sourceTree = "<group>";
		};
		B959200C7E9A80FA39DDC4D5 /* Pods */ = {
			isa = PBXGroup;
			children = (
				B9A7AAA9C9B5B1EDEA46CA02 /* Pods.debug.xcconfig */,
				8EC6DDB48247EC5ED7FAA710 /* Pods.release.xcconfig */,
			);
			name = Pods;
			sourceTree = "<group>";
		};
		CDE6FB7227E430F1753BB143 /* Frameworks */ = {
			isa = PBXGroup;
			children = (
				1471B7EB1ECF820627AC75D2 /* libPods.a */,
				196154941AA05C6300859E80 /* MediaPlayer.framework */,
				196154921AA05C5D00859E80 /* AVFoundation.framework */,
			);
			name = Frameworks;
			sourceTree = "<group>";
		};
/* End PBXGroup section */

/* Begin PBXNativeTarget section */
		19FF19571AA0569B00F2D54F /* Sample */ = {
			isa = PBXNativeTarget;
			buildConfigurationList = 19FF197B1AA0569B00F2D54F /* Build configuration list for PBXNativeTarget "Sample" */;
			buildPhases = (
				8BEF63DA2E6FAC6A8A67F616 /* Check Pods Manifest.lock */,
				19FF19541AA0569B00F2D54F /* Sources */,
				19FF19551AA0569B00F2D54F /* Frameworks */,
				19FF19561AA0569B00F2D54F /* Resources */,
				B5778516CCF335E0A2D0646C /* Copy Pods Resources */,
			);
			buildRules = (
			);
			dependencies = (
			);
			name = Sample;
			productName = BILAudioUtilSample;
			productReference = 19FF19581AA0569B00F2D54F /* BILAudioUtil.app */;
			productType = "com.apple.product-type.application";
		};
		19FF19701AA0569B00F2D54F /* SampleTest */ = {
			isa = PBXNativeTarget;
			buildConfigurationList = 19FF197E1AA0569B00F2D54F /* Build configuration list for PBXNativeTarget "SampleTest" */;
			buildPhases = (
				19FF196D1AA0569B00F2D54F /* Sources */,
				19FF196E1AA0569B00F2D54F /* Frameworks */,
				19FF196F1AA0569B00F2D54F /* Resources */,
			);
			buildRules = (
			);
			dependencies = (
				19FF19731AA0569B00F2D54F /* PBXTargetDependency */,
			);
			name = SampleTest;
			productName = BILAudioUtilSampleTests;
			productReference = 19FF19711AA0569B00F2D54F /* SampleTest.xctest */;
			productType = "com.apple.product-type.bundle.unit-test";
		};
/* End PBXNativeTarget section */

/* Begin PBXProject section */
		19FF19501AA0569B00F2D54F /* Project object */ = {
			isa = PBXProject;
			attributes = {
				LastUpgradeCheck = 0630;
				ORGANIZATIONNAME = "Beatrobo, inc";
				TargetAttributes = {
					19FF19571AA0569B00F2D54F = {
						CreatedOnToolsVersion = 6.3;
					};
					19FF19701AA0569B00F2D54F = {
						CreatedOnToolsVersion = 6.3;
						TestTargetID = 19FF19571AA0569B00F2D54F;
					};
				};
			};
			buildConfigurationList = 19FF19531AA0569B00F2D54F /* Build configuration list for PBXProject "BILAudioUtilSample" */;
			compatibilityVersion = "Xcode 3.2";
			developmentRegion = English;
			hasScannedForEncodings = 0;
			knownRegions = (
				en,
				Base,
			);
			mainGroup = 19FF194F1AA0569B00F2D54F;
			productRefGroup = 19FF19591AA0569B00F2D54F /* Products */;
			projectDirPath = "";
			projectRoot = "";
			targets = (
				19FF19571AA0569B00F2D54F /* Sample */,
				19FF19701AA0569B00F2D54F /* SampleTest */,
			);
		};
/* End PBXProject section */

/* Begin PBXResourcesBuildPhase section */
		19FF19561AA0569B00F2D54F /* Resources */ = {
			isa = PBXResourcesBuildPhase;
			buildActionMask = 2147483647;
			files = (
				19FF19671AA0569B00F2D54F /* Main.storyboard in Resources */,
				19FF19691AA0569B00F2D54F /* Images.xcassets in Resources */,
			);
			runOnlyForDeploymentPostprocessing = 0;
		};
		19FF196F1AA0569B00F2D54F /* Resources */ = {
			isa = PBXResourcesBuildPhase;
			buildActionMask = 2147483647;
			files = (
			);
			runOnlyForDeploymentPostprocessing = 0;
		};
/* End PBXResourcesBuildPhase section */

/* Begin PBXShellScriptBuildPhase section */
		8BEF63DA2E6FAC6A8A67F616 /* Check Pods Manifest.lock */ = {
			isa = PBXShellScriptBuildPhase;
			buildActionMask = 2147483647;
			files = (
			);
			inputPaths = (
			);
			name = "Check Pods Manifest.lock";
			outputPaths = (
			);
			runOnlyForDeploymentPostprocessing = 0;
			shellPath = /bin/sh;
			shellScript = "diff \"${PODS_ROOT}/../Podfile.lock\" \"${PODS_ROOT}/Manifest.lock\" > /dev/null\nif [[ $? != 0 ]] ; then\n    cat << EOM\nerror: The sandbox is not in sync with the Podfile.lock. Run 'pod install' or update your CocoaPods installation.\nEOM\n    exit 1\nfi\n";
			showEnvVarsInLog = 0;
		};
		B5778516CCF335E0A2D0646C /* Copy Pods Resources */ = {
			isa = PBXShellScriptBuildPhase;
			buildActionMask = 2147483647;
			files = (
			);
			inputPaths = (
			);
			name = "Copy Pods Resources";
			outputPaths = (
			);
			runOnlyForDeploymentPostprocessing = 0;
			shellPath = /bin/sh;
			shellScript = "\"${SRCROOT}/Pods/Target Support Files/Pods/Pods-resources.sh\"\n";
			showEnvVarsInLog = 0;
		};
/* End PBXShellScriptBuildPhase section */

/* Begin PBXSourcesBuildPhase section */
		19FF19541AA0569B00F2D54F /* Sources */ = {
			isa = PBXSourcesBuildPhase;
			buildActionMask = 2147483647;
			files = (
				196154891AA05AC700859E80 /* BILAudioVolumeManager.m in Sources */,
				19FF19611AA0569B00F2D54F /* AppDelegate.m in Sources */,
				196154911AA05ADF00859E80 /* BILAudioVolumeManagerTestViewController.m in Sources */,
				1961548D1AA05AC700859E80 /* BILStringEncrypter.m in Sources */,
				19FF195E1AA0569B00F2D54F /* main.m in Sources */,
				196154871AA05AC700859E80 /* BILAudioSessionUtil.m in Sources */,
			);
			runOnlyForDeploymentPostprocessing = 0;
		};
		19FF196D1AA0569B00F2D54F /* Sources */ = {
			isa = PBXSourcesBuildPhase;
			buildActionMask = 2147483647;
			files = (
				19FF19781AA0569B00F2D54F /* BILAudioUtilSampleTests.m in Sources */,
				1961548E1AA05AC700859E80 /* BILStringEncrypter.m in Sources */,
				1961548A1AA05AC700859E80 /* BILAudioVolumeManager.m in Sources */,
				196154881AA05AC700859E80 /* BILAudioSessionUtil.m in Sources */,
			);
			runOnlyForDeploymentPostprocessing = 0;
		};
/* End PBXSourcesBuildPhase section */

/* Begin PBXTargetDependency section */
		19FF19731AA0569B00F2D54F /* PBXTargetDependency */ = {
			isa = PBXTargetDependency;
			target = 19FF19571AA0569B00F2D54F /* Sample */;
			targetProxy = 19FF19721AA0569B00F2D54F /* PBXContainerItemProxy */;
		};
/* End PBXTargetDependency section */

/* Begin PBXVariantGroup section */
		19FF19651AA0569B00F2D54F /* Main.storyboard */ = {
			isa = PBXVariantGroup;
			children = (
				19FF19661AA0569B00F2D54F /* Base */,
			);
			name = Main.storyboard;
			sourceTree = "<group>";
		};
/* End PBXVariantGroup section */

/* Begin XCBuildConfiguration section */
		19FF19791AA0569B00F2D54F /* Debug */ = {
			isa = XCBuildConfiguration;
			buildSettings = {
				ALWAYS_SEARCH_USER_PATHS = NO;
				CLANG_CXX_LANGUAGE_STANDARD = "gnu++0x";
				CLANG_CXX_LIBRARY = "libc++";
				CLANG_ENABLE_MODULES = YES;
				CLANG_ENABLE_OBJC_ARC = YES;
				CLANG_WARN_BOOL_CONVERSION = YES;
				CLANG_WARN_CONSTANT_CONVERSION = YES;
				CLANG_WARN_DIRECT_OBJC_ISA_USAGE = YES_ERROR;
				CLANG_WARN_EMPTY_BODY = YES;
				CLANG_WARN_ENUM_CONVERSION = YES;
				CLANG_WARN_INT_CONVERSION = YES;
				CLANG_WARN_OBJC_ROOT_CLASS = YES_ERROR;
				CLANG_WARN_UNREACHABLE_CODE = YES;
				CLANG_WARN__DUPLICATE_METHOD_MATCH = YES;
				"CODE_SIGN_IDENTITY[sdk=iphoneos*]" = "iPhone Developer";
				COPY_PHASE_STRIP = NO;
				DEBUG_INFORMATION_FORMAT = dwarf;
				ENABLE_STRICT_OBJC_MSGSEND = YES;
				GCC_C_LANGUAGE_STANDARD = gnu99;
				GCC_DYNAMIC_NO_PIC = NO;
				GCC_OPTIMIZATION_LEVEL = 0;
				GCC_PREPROCESSOR_DEFINITIONS = (
					"DEBUG=1",
					"$(inherited)",
				);
				GCC_SYMBOLS_PRIVATE_EXTERN = NO;
				GCC_WARN_64_TO_32_BIT_CONVERSION = YES;
				GCC_WARN_ABOUT_RETURN_TYPE = YES_ERROR;
				GCC_WARN_UNDECLARED_SELECTOR = YES;
				GCC_WARN_UNINITIALIZED_AUTOS = YES_AGGRESSIVE;
				GCC_WARN_UNUSED_FUNCTION = YES;
				GCC_WARN_UNUSED_VARIABLE = YES;
				IPHONEOS_DEPLOYMENT_TARGET = 6.0;
				MTL_ENABLE_DEBUG_INFO = YES;
				ONLY_ACTIVE_ARCH = YES;
				SDKROOT = iphoneos;
			};
			name = Debug;
		};
		19FF197A1AA0569B00F2D54F /* Release */ = {
			isa = XCBuildConfiguration;
			buildSettings = {
				ALWAYS_SEARCH_USER_PATHS = NO;
				CLANG_CXX_LANGUAGE_STANDARD = "gnu++0x";
				CLANG_CXX_LIBRARY = "libc++";
				CLANG_ENABLE_MODULES = YES;
				CLANG_ENABLE_OBJC_ARC = YES;
				CLANG_WARN_BOOL_CONVERSION = YES;
				CLANG_WARN_CONSTANT_CONVERSION = YES;
				CLANG_WARN_DIRECT_OBJC_ISA_USAGE = YES_ERROR;
				CLANG_WARN_EMPTY_BODY = YES;
				CLANG_WARN_ENUM_CONVERSION = YES;
				CLANG_WARN_INT_CONVERSION = YES;
				CLANG_WARN_OBJC_ROOT_CLASS = YES_ERROR;
				CLANG_WARN_UNREACHABLE_CODE = YES;
				CLANG_WARN__DUPLICATE_METHOD_MATCH = YES;
				"CODE_SIGN_IDENTITY[sdk=iphoneos*]" = "iPhone Developer";
				COPY_PHASE_STRIP = NO;
				DEBUG_INFORMATION_FORMAT = "dwarf-with-dsym";
				ENABLE_NS_ASSERTIONS = NO;
				ENABLE_STRICT_OBJC_MSGSEND = YES;
				GCC_C_LANGUAGE_STANDARD = gnu99;
				GCC_WARN_64_TO_32_BIT_CONVERSION = YES;
				GCC_WARN_ABOUT_RETURN_TYPE = YES_ERROR;
				GCC_WARN_UNDECLARED_SELECTOR = YES;
				GCC_WARN_UNINITIALIZED_AUTOS = YES_AGGRESSIVE;
				GCC_WARN_UNUSED_FUNCTION = YES;
				GCC_WARN_UNUSED_VARIABLE = YES;
				IPHONEOS_DEPLOYMENT_TARGET = 6.0;
				MTL_ENABLE_DEBUG_INFO = NO;
				SDKROOT = iphoneos;
				VALIDATE_PRODUCT = YES;
			};
			name = Release;
		};
		19FF197C1AA0569B00F2D54F /* Debug */ = {
			isa = XCBuildConfiguration;
			baseConfigurationReference = B9A7AAA9C9B5B1EDEA46CA02 /* Pods.debug.xcconfig */;
			buildSettings = {
				ASSETCATALOG_COMPILER_APPICON_NAME = AppIcon;
				ASSETCATALOG_COMPILER_LAUNCHIMAGE_NAME = LaunchImage;
				INFOPLIST_FILE = "$(SRCROOT)/Sample/Info.plist";
				LD_RUNPATH_SEARCH_PATHS = "$(inherited) @executable_path/Frameworks";
				PRODUCT_NAME = BILAudioUtil;
			};
			name = Debug;
		};
		19FF197D1AA0569B00F2D54F /* Release */ = {
			isa = XCBuildConfiguration;
			baseConfigurationReference = 8EC6DDB48247EC5ED7FAA710 /* Pods.release.xcconfig */;
			buildSettings = {
				ASSETCATALOG_COMPILER_APPICON_NAME = AppIcon;
				ASSETCATALOG_COMPILER_LAUNCHIMAGE_NAME = LaunchImage;
				INFOPLIST_FILE = "$(SRCROOT)/Sample/Info.plist";
				LD_RUNPATH_SEARCH_PATHS = "$(inherited) @executable_path/Frameworks";
				PRODUCT_NAME = BILAudioUtil;
			};
			name = Release;
		};
		19FF197F1AA0569B00F2D54F /* Debug */ = {
			isa = XCBuildConfiguration;
			buildSettings = {
				BUNDLE_LOADER = "$(TEST_HOST)";
				FRAMEWORK_SEARCH_PATHS = (
					"$(SDKROOT)/Developer/Library/Frameworks",
					"$(inherited)",
				);
				GCC_PREPROCESSOR_DEFINITIONS = (
					"DEBUG=1",
					"$(inherited)",
				);
				INFOPLIST_FILE = "$(SRCROOT)/SampleTests/Info.plist";
				LD_RUNPATH_SEARCH_PATHS = "$(inherited) @executable_path/Frameworks @loader_path/Frameworks";
				PRODUCT_NAME = "$(TARGET_NAME)";
				TEST_HOST = "$(BUILT_PRODUCTS_DIR)/BILAudioUtil.app/BILAudioUtil";
			};
			name = Debug;
		};
		19FF19801AA0569B00F2D54F /* Release */ = {
			isa = XCBuildConfiguration;
			buildSettings = {
				BUNDLE_LOADER = "$(TEST_HOST)";
				FRAMEWORK_SEARCH_PATHS = (
					"$(SDKROOT)/Developer/Library/Frameworks",
					"$(inherited)",
				);
				INFOPLIST_FILE = "$(SRCROOT)/SampleTests/Info.plist";
				LD_RUNPATH_SEARCH_PATHS = "$(inherited) @executable_path/Frameworks @loader_path/Frameworks";
				PRODUCT_NAME = "$(TARGET_NAME)";
				TEST_HOST = "$(BUILT_PRODUCTS_DIR)/BILAudioUtil.app/BILAudioUtil";
			};
			name = Release;
		};
/* End XCBuildConfiguration section */

/* Begin XCConfigurationList section */
		19FF19531AA0569B00F2D54F /* Build configuration list for PBXProject "BILAudioUtilSample" */ = {
			isa = XCConfigurationList;
			buildConfigurations = (
				19FF19791AA0569B00F2D54F /* Debug */,
				19FF197A1AA0569B00F2D54F /* Release */,
			);
			defaultConfigurationIsVisible = 0;
			defaultConfigurationName = Release;
		};
		19FF197B1AA0569B00F2D54F /* Build configuration list for PBXNativeTarget "Sample" */ = {
			isa = XCConfigurationList;
			buildConfigurations = (
				19FF197C1AA0569B00F2D54F /* Debug */,
				19FF197D1AA0569B00F2D54F /* Release */,
			);
			defaultConfigurationIsVisible = 0;
			defaultConfigurationName = Release;
		};
		19FF197E1AA0569B00F2D54F /* Build configuration list for PBXNativeTarget "SampleTest" */ = {
			isa = XCConfigurationList;
			buildConfigurations = (
				19FF197F1AA0569B00F2D54F /* Debug */,
				19FF19801AA0569B00F2D54F /* Release */,
			);
			defaultConfigurationIsVisible = 0;
			defaultConfigurationName = Release;
		};
/* End XCConfigurationList section */
	};
	rootObject = 19FF19501AA0569B00F2D54F /* Project object */;
}
