// !$*UTF8*$!
{
	archiveVersion = 1;
	classes = {
	};
	objectVersion = 46;
	objects = {

/* Begin PBXBuildFile section */
		199A0CA61AA083C4005FBC01 /* main.m in Sources */ = {isa = PBXBuildFile; fileRef = 199A0CA51AA083C4005FBC01 /* main.m */; };
		199A0CA91AA083C4005FBC01 /* AppDelegate.m in Sources */ = {isa = PBXBuildFile; fileRef = 199A0CA81AA083C4005FBC01 /* AppDelegate.m */; };
		199A0CB11AA083C4005FBC01 /* Images.xcassets in Resources */ = {isa = PBXBuildFile; fileRef = 199A0CB01AA083C4005FBC01 /* Images.xcassets */; };
		199A0CD31AA084C3005FBC01 /* BILAudioSessionUtil.m in Sources */ = {isa = PBXBuildFile; fileRef = 199A0CCA1AA084C3005FBC01 /* BILAudioSessionUtil.m */; };
		199A0CD51AA084C3005FBC01 /* BILAudioSessionUtilTestViewController.m in Sources */ = {isa = PBXBuildFile; fileRef = 199A0CCF1AA084C3005FBC01 /* BILAudioSessionUtilTestViewController.m */; };
		19F969EF1AA087D500514C68 /* BILAudioSessionUtilTestViewController.xib in Resources */ = {isa = PBXBuildFile; fileRef = 19F969EE1AA087D500514C68 /* BILAudioSessionUtilTestViewController.xib */; };
		19F969F11AA08A4200514C68 /* Main.storyboard in Resources */ = {isa = PBXBuildFile; fileRef = 19F969F01AA08A4200514C68 /* Main.storyboard */; };
		7A47B26E71CB9A1C311D8F73 /* libPods.a in Frameworks */ = {isa = PBXBuildFile; fileRef = 4E6435DCF82A0EFB72765318 /* libPods.a */; };
/* End PBXBuildFile section */

/* Begin PBXFileReference section */
		17F2A24DFD8789EA66FA61B8 /* Pods.release.xcconfig */ = {isa = PBXFileReference; includeInIndex = 1; lastKnownFileType = text.xcconfig; name = Pods.release.xcconfig; path = "Pods/Target Support Files/Pods/Pods.release.xcconfig"; sourceTree = "<group>"; };
		199A0CA01AA083C4005FBC01 /* BILAudioUtilExample.app */ = {isa = PBXFileReference; explicitFileType = wrapper.application; includeInIndex = 0; path = BILAudioUtilExample.app; sourceTree = BUILT_PRODUCTS_DIR; };
		199A0CA41AA083C4005FBC01 /* Info.plist */ = {isa = PBXFileReference; lastKnownFileType = text.plist.xml; path = Info.plist; sourceTree = "<group>"; };
		199A0CA51AA083C4005FBC01 /* main.m */ = {isa = PBXFileReference; lastKnownFileType = sourcecode.c.objc; path = main.m; sourceTree = "<group>"; };
		199A0CA71AA083C4005FBC01 /* AppDelegate.h */ = {isa = PBXFileReference; lastKnownFileType = sourcecode.c.h; path = AppDelegate.h; sourceTree = "<group>"; };
		199A0CA81AA083C4005FBC01 /* AppDelegate.m */ = {isa = PBXFileReference; lastKnownFileType = sourcecode.c.objc; path = AppDelegate.m; sourceTree = "<group>"; };
		199A0CB01AA083C4005FBC01 /* Images.xcassets */ = {isa = PBXFileReference; lastKnownFileType = folder.assetcatalog; path = Images.xcassets; sourceTree = "<group>"; };
		199A0CC91AA084C3005FBC01 /* BILAudioSessionUtil.h */ = {isa = PBXFileReference; fileEncoding = 4; lastKnownFileType = sourcecode.c.h; path = BILAudioSessionUtil.h; sourceTree = "<group>"; };
		199A0CCA1AA084C3005FBC01 /* BILAudioSessionUtil.m */ = {isa = PBXFileReference; fileEncoding = 4; lastKnownFileType = sourcecode.c.objc; path = BILAudioSessionUtil.m; sourceTree = "<group>"; };
		199A0CCE1AA084C3005FBC01 /* BILAudioSessionUtilTestViewController.h */ = {isa = PBXFileReference; fileEncoding = 4; lastKnownFileType = sourcecode.c.h; path = BILAudioSessionUtilTestViewController.h; sourceTree = "<group>"; };
		199A0CCF1AA084C3005FBC01 /* BILAudioSessionUtilTestViewController.m */ = {isa = PBXFileReference; fileEncoding = 4; lastKnownFileType = sourcecode.c.objc; path = BILAudioSessionUtilTestViewController.m; sourceTree = "<group>"; };
		19F969EE1AA087D500514C68 /* BILAudioSessionUtilTestViewController.xib */ = {isa = PBXFileReference; fileEncoding = 4; lastKnownFileType = file.xib; path = BILAudioSessionUtilTestViewController.xib; sourceTree = "<group>"; };
		19F969F01AA08A4200514C68 /* Main.storyboard */ = {isa = PBXFileReference; fileEncoding = 4; lastKnownFileType = file.storyboard; path = Main.storyboard; sourceTree = "<group>"; };
		4E6435DCF82A0EFB72765318 /* libPods.a */ = {isa = PBXFileReference; explicitFileType = archive.ar; includeInIndex = 0; path = libPods.a; sourceTree = BUILT_PRODUCTS_DIR; };
		E45431AD5EF99262E33601FC /* Pods.debug.xcconfig */ = {isa = PBXFileReference; includeInIndex = 1; lastKnownFileType = text.xcconfig; name = Pods.debug.xcconfig; path = "Pods/Target Support Files/Pods/Pods.debug.xcconfig"; sourceTree = "<group>"; };
/* End PBXFileReference section */

/* Begin PBXFrameworksBuildPhase section */
		199A0C9D1AA083C4005FBC01 /* Frameworks */ = {
			isa = PBXFrameworksBuildPhase;
			buildActionMask = 2147483647;
			files = (
				7A47B26E71CB9A1C311D8F73 /* libPods.a in Frameworks */,
			);
			runOnlyForDeploymentPostprocessing = 0;
		};
/* End PBXFrameworksBuildPhase section */

/* Begin PBXGroup section */
		199A0C951AA083A2005FBC01 = {
			isa = PBXGroup;
			children = (
				199A0CC71AA084C3005FBC01 /* BILAudioUtil */,
				199A0CA21AA083C4005FBC01 /* Sample */,
				199A0CA11AA083C4005FBC01 /* Products */,
				D1E2EBC7C78D3FF4DA21779B /* Pods */,
				2F48F07EDEBCDCD988F91CB4 /* Frameworks */,
			);
			sourceTree = "<group>";
		};
		199A0CA11AA083C4005FBC01 /* Products */ = {
			isa = PBXGroup;
			children = (
				199A0CA01AA083C4005FBC01 /* BILAudioUtilExample.app */,
			);
			name = Products;
			sourceTree = "<group>";
		};
		199A0CA21AA083C4005FBC01 /* Sample */ = {
			isa = PBXGroup;
			children = (
				199A0CA71AA083C4005FBC01 /* AppDelegate.h */,
				199A0CA81AA083C4005FBC01 /* AppDelegate.m */,
				19F969F01AA08A4200514C68 /* Main.storyboard */,
				199A0CB01AA083C4005FBC01 /* Images.xcassets */,
				199A0CA31AA083C4005FBC01 /* Supporting Files */,
			);
			path = Sample;
			sourceTree = "<group>";
		};
		199A0CA31AA083C4005FBC01 /* Supporting Files */ = {
			isa = PBXGroup;
			children = (
				199A0CA41AA083C4005FBC01 /* Info.plist */,
				199A0CA51AA083C4005FBC01 /* main.m */,
			);
			name = "Supporting Files";
			sourceTree = "<group>";
		};
		199A0CC71AA084C3005FBC01 /* BILAudioUtil */ = {
			isa = PBXGroup;
			children = (
				199A0CC81AA084C3005FBC01 /* Class */,
				199A0CCD1AA084C3005FBC01 /* UserInterface */,
			);
			name = BILAudioUtil;
			path = ../BILAudioUtil;
			sourceTree = "<group>";
		};
		199A0CC81AA084C3005FBC01 /* Class */ = {
			isa = PBXGroup;
			children = (
				199A0CC91AA084C3005FBC01 /* BILAudioSessionUtil.h */,
				199A0CCA1AA084C3005FBC01 /* BILAudioSessionUtil.m */,
			);
			path = Class;
			sourceTree = "<group>";
		};
		199A0CCD1AA084C3005FBC01 /* UserInterface */ = {
			isa = PBXGroup;
			children = (
				199A0CCE1AA084C3005FBC01 /* BILAudioSessionUtilTestViewController.h */,
				199A0CCF1AA084C3005FBC01 /* BILAudioSessionUtilTestViewController.m */,
				19F969EE1AA087D500514C68 /* BILAudioSessionUtilTestViewController.xib */,
			);
			path = UserInterface;
			sourceTree = "<group>";
		};
		2F48F07EDEBCDCD988F91CB4 /* Frameworks */ = {
			isa = PBXGroup;
			children = (
				4E6435DCF82A0EFB72765318 /* libPods.a */,
			);
			name = Frameworks;
			sourceTree = "<group>";
		};
		D1E2EBC7C78D3FF4DA21779B /* Pods */ = {
			isa = PBXGroup;
			children = (
				E45431AD5EF99262E33601FC /* Pods.debug.xcconfig */,
				17F2A24DFD8789EA66FA61B8 /* Pods.release.xcconfig */,
			);
			name = Pods;
			sourceTree = "<group>";
		};
/* End PBXGroup section */

/* Begin PBXNativeTarget section */
		199A0C9F1AA083C4005FBC01 /* Sample */ = {
			isa = PBXNativeTarget;
			buildConfigurationList = 199A0CC11AA083C4005FBC01 /* Build configuration list for PBXNativeTarget "Sample" */;
			buildPhases = (
				CB8036C3D40F92D0CA1E1527 /* Check Pods Manifest.lock */,
				199A0C9C1AA083C4005FBC01 /* Sources */,
				199A0C9D1AA083C4005FBC01 /* Frameworks */,
				199A0C9E1AA083C4005FBC01 /* Resources */,
				3F18FA82ABFCC32EF9CE848D /* Copy Pods Resources */,
			);
			buildRules = (
			);
			dependencies = (
			);
			name = Sample;
			productName = Sample;
			productReference = 199A0CA01AA083C4005FBC01 /* BILAudioUtilExample.app */;
			productType = "com.apple.product-type.application";
		};
/* End PBXNativeTarget section */

/* Begin PBXProject section */
		199A0C961AA083A2005FBC01 /* Project object */ = {
			isa = PBXProject;
			attributes = {
				LastUpgradeCheck = 0610;
				TargetAttributes = {
					199A0C9F1AA083C4005FBC01 = {
						CreatedOnToolsVersion = 6.1.1;
					};
				};
			};
			buildConfigurationList = 199A0C991AA083A2005FBC01 /* Build configuration list for PBXProject "BILAudioUtilExample" */;
			compatibilityVersion = "Xcode 3.2";
			developmentRegion = English;
			hasScannedForEncodings = 0;
			knownRegions = (
				en,
				Base,
			);
			mainGroup = 199A0C951AA083A2005FBC01;
			productRefGroup = 199A0CA11AA083C4005FBC01 /* Products */;
			projectDirPath = "";
			projectRoot = "";
			targets = (
				199A0C9F1AA083C4005FBC01 /* Sample */,
			);
		};
/* End PBXProject section */

/* Begin PBXResourcesBuildPhase section */
		199A0C9E1AA083C4005FBC01 /* Resources */ = {
			isa = PBXResourcesBuildPhase;
			buildActionMask = 2147483647;
			files = (
				19F969F11AA08A4200514C68 /* Main.storyboard in Resources */,
				19F969EF1AA087D500514C68 /* BILAudioSessionUtilTestViewController.xib in Resources */,
				199A0CB11AA083C4005FBC01 /* Images.xcassets in Resources */,
			);
			runOnlyForDeploymentPostprocessing = 0;
		};
/* End PBXResourcesBuildPhase section */

/* Begin PBXShellScriptBuildPhase section */
		3F18FA82ABFCC32EF9CE848D /* Copy Pods Resources */ = {
			isa = PBXShellScriptBuildPhase;
			buildActionMask = 2147483647;
			files = (
			);
			inputPaths = (
			);
			name = "Copy Pods Resources";
			outputPaths = (
			);
			runOnlyForDeploymentPostprocessing = 0;
			shellPath = /bin/sh;
			shellScript = "\"${SRCROOT}/Pods/Target Support Files/Pods/Pods-resources.sh\"\n";
			showEnvVarsInLog = 0;
		};
		CB8036C3D40F92D0CA1E1527 /* Check Pods Manifest.lock */ = {
			isa = PBXShellScriptBuildPhase;
			buildActionMask = 2147483647;
			files = (
			);
			inputPaths = (
			);
			name = "Check Pods Manifest.lock";
			outputPaths = (
			);
			runOnlyForDeploymentPostprocessing = 0;
			shellPath = /bin/sh;
			shellScript = "diff \"${PODS_ROOT}/../Podfile.lock\" \"${PODS_ROOT}/Manifest.lock\" > /dev/null\nif [[ $? != 0 ]] ; then\n    cat << EOM\nerror: The sandbox is not in sync with the Podfile.lock. Run 'pod install' or update your CocoaPods installation.\nEOM\n    exit 1\nfi\n";
			showEnvVarsInLog = 0;
		};
/* End PBXShellScriptBuildPhase section */

/* Begin PBXSourcesBuildPhase section */
		199A0C9C1AA083C4005FBC01 /* Sources */ = {
			isa = PBXSourcesBuildPhase;
			buildActionMask = 2147483647;
			files = (
				199A0CD51AA084C3005FBC01 /* BILAudioSessionUtilTestViewController.m in Sources */,
				199A0CA91AA083C4005FBC01 /* AppDelegate.m in Sources */,
				199A0CA61AA083C4005FBC01 /* main.m in Sources */,
				199A0CD31AA084C3005FBC01 /* BILAudioSessionUtil.m in Sources */,
			);
			runOnlyForDeploymentPostprocessing = 0;
		};
/* End PBXSourcesBuildPhase section */

/* Begin XCBuildConfiguration section */
		199A0C9A1AA083A2005FBC01 /* Debug */ = {
			isa = XCBuildConfiguration;
			buildSettings = {
				IPHONEOS_DEPLOYMENT_TARGET = 6.0;
			};
			name = Debug;
		};
		199A0C9B1AA083A2005FBC01 /* Release */ = {
			isa = XCBuildConfiguration;
			buildSettings = {
				IPHONEOS_DEPLOYMENT_TARGET = 6.0;
			};
			name = Release;
		};
		199A0CC21AA083C4005FBC01 /* Debug */ = {
			isa = XCBuildConfiguration;
			baseConfigurationReference = E45431AD5EF99262E33601FC /* Pods.debug.xcconfig */;
			buildSettings = {
				ALWAYS_SEARCH_USER_PATHS = NO;
				ASSETCATALOG_COMPILER_APPICON_NAME = AppIcon;
				ASSETCATALOG_COMPILER_LAUNCHIMAGE_NAME = LaunchImage;
				CLANG_CXX_LANGUAGE_STANDARD = "gnu++0x";
				CLANG_CXX_LIBRARY = "libc++";
				CLANG_ENABLE_MODULES = YES;
				CLANG_ENABLE_OBJC_ARC = YES;
				CLANG_WARN_BOOL_CONVERSION = YES;
				CLANG_WARN_CONSTANT_CONVERSION = YES;
				CLANG_WARN_DIRECT_OBJC_ISA_USAGE = YES_ERROR;
				CLANG_WARN_EMPTY_BODY = YES;
				CLANG_WARN_ENUM_CONVERSION = YES;
				CLANG_WARN_INT_CONVERSION = YES;
				CLANG_WARN_OBJC_ROOT_CLASS = YES_ERROR;
				CLANG_WARN_UNREACHABLE_CODE = YES;
				CLANG_WARN__DUPLICATE_METHOD_MATCH = YES;
				"CODE_SIGN_IDENTITY[sdk=iphoneos*]" = "iPhone Developer";
				COPY_PHASE_STRIP = NO;
				ENABLE_STRICT_OBJC_MSGSEND = YES;
				GCC_C_LANGUAGE_STANDARD = gnu99;
				GCC_DYNAMIC_NO_PIC = NO;
				GCC_OPTIMIZATION_LEVEL = 0;
				GCC_PREPROCESSOR_DEFINITIONS = (
					"DEBUG=1",
					"$(inherited)",
				);
				GCC_SYMBOLS_PRIVATE_EXTERN = NO;
				GCC_WARN_64_TO_32_BIT_CONVERSION = YES;
				GCC_WARN_ABOUT_RETURN_TYPE = YES_ERROR;
				GCC_WARN_UNDECLARED_SELECTOR = YES;
				GCC_WARN_UNINITIALIZED_AUTOS = YES_AGGRESSIVE;
				GCC_WARN_UNUSED_FUNCTION = YES;
				GCC_WARN_UNUSED_VARIABLE = YES;
				INFOPLIST_FILE = Sample/Info.plist;
				LD_RUNPATH_SEARCH_PATHS = "$(inherited) @executable_path/Frameworks";
				MTL_ENABLE_DEBUG_INFO = YES;
				ONLY_ACTIVE_ARCH = YES;
				PRODUCT_NAME = BILAudioUtilExample;
				SDKROOT = iphoneos;
			};
			name = Debug;
		};
		199A0CC31AA083C4005FBC01 /* Release */ = {
			isa = XCBuildConfiguration;
			baseConfigurationReference = 17F2A24DFD8789EA66FA61B8 /* Pods.release.xcconfig */;
			buildSettings = {
				ALWAYS_SEARCH_USER_PATHS = NO;
				ASSETCATALOG_COMPILER_APPICON_NAME = AppIcon;
				ASSETCATALOG_COMPILER_LAUNCHIMAGE_NAME = LaunchImage;
				CLANG_CXX_LANGUAGE_STANDARD = "gnu++0x";
				CLANG_CXX_LIBRARY = "libc++";
				CLANG_ENABLE_MODULES = YES;
				CLANG_ENABLE_OBJC_ARC = YES;
				CLANG_WARN_BOOL_CONVERSION = YES;
				CLANG_WARN_CONSTANT_CONVERSION = YES;
				CLANG_WARN_DIRECT_OBJC_ISA_USAGE = YES_ERROR;
				CLANG_WARN_EMPTY_BODY = YES;
				CLANG_WARN_ENUM_CONVERSION = YES;
				CLANG_WARN_INT_CONVERSION = YES;
				CLANG_WARN_OBJC_ROOT_CLASS = YES_ERROR;
				CLANG_WARN_UNREACHABLE_CODE = YES;
				CLANG_WARN__DUPLICATE_METHOD_MATCH = YES;
				"CODE_SIGN_IDENTITY[sdk=iphoneos*]" = "iPhone Developer";
				COPY_PHASE_STRIP = YES;
				ENABLE_NS_ASSERTIONS = NO;
				ENABLE_STRICT_OBJC_MSGSEND = YES;
				GCC_C_LANGUAGE_STANDARD = gnu99;
				GCC_WARN_64_TO_32_BIT_CONVERSION = YES;
				GCC_WARN_ABOUT_RETURN_TYPE = YES_ERROR;
				GCC_WARN_UNDECLARED_SELECTOR = YES;
				GCC_WARN_UNINITIALIZED_AUTOS = YES_AGGRESSIVE;
				GCC_WARN_UNUSED_FUNCTION = YES;
				GCC_WARN_UNUSED_VARIABLE = YES;
				INFOPLIST_FILE = Sample/Info.plist;
				LD_RUNPATH_SEARCH_PATHS = "$(inherited) @executable_path/Frameworks";
				MTL_ENABLE_DEBUG_INFO = NO;
				PRODUCT_NAME = BILAudioUtilExample;
				SDKROOT = iphoneos;
				VALIDATE_PRODUCT = YES;
			};
			name = Release;
		};
/* End XCBuildConfiguration section */

/* Begin XCConfigurationList section */
		199A0C991AA083A2005FBC01 /* Build configuration list for PBXProject "BILAudioUtilExample" */ = {
			isa = XCConfigurationList;
			buildConfigurations = (
				199A0C9A1AA083A2005FBC01 /* Debug */,
				199A0C9B1AA083A2005FBC01 /* Release */,
			);
			defaultConfigurationIsVisible = 0;
			defaultConfigurationName = Release;
		};
		199A0CC11AA083C4005FBC01 /* Build configuration list for PBXNativeTarget "Sample" */ = {
			isa = XCConfigurationList;
			buildConfigurations = (
				199A0CC21AA083C4005FBC01 /* Debug */,
				199A0CC31AA083C4005FBC01 /* Release */,
			);
			defaultConfigurationIsVisible = 0;
			defaultConfigurationName = Release;
		};
/* End XCConfigurationList section */
	};
	rootObject = 199A0C961AA083A2005FBC01 /* Project object */;
}
